// !$*UTF8*$!
{
	archiveVersion = 1;
	classes = {
	};
	objectVersion = 55;
	objects = {

/* Begin PBXBuildFile section */
		F68945A52788455100F22187 /* AppDelegate.swift in Sources */ = {isa = PBXBuildFile; fileRef = F68945A42788455100F22187 /* AppDelegate.swift */; };
		F68945A72788455100F22187 /* SceneDelegate.swift in Sources */ = {isa = PBXBuildFile; fileRef = F68945A62788455100F22187 /* SceneDelegate.swift */; };
		F68945A92788455100F22187 /* BaseViewController.swift in Sources */ = {isa = PBXBuildFile; fileRef = F68945A82788455100F22187 /* BaseViewController.swift */; };
		F68945AE2788455300F22187 /* Assets.xcassets in Resources */ = {isa = PBXBuildFile; fileRef = F68945AD2788455300F22187 /* Assets.xcassets */; };
		F68945B12788455300F22187 /* LaunchScreen.storyboard in Resources */ = {isa = PBXBuildFile; fileRef = F68945AF2788455300F22187 /* LaunchScreen.storyboard */; };
		F68945BA278845A000F22187 /* EasyKit in Frameworks */ = {isa = PBXBuildFile; productRef = F68945B9278845A000F22187 /* EasyKit */; };
		F69CAA2427897E360035230D /* Alamofire in Frameworks */ = {isa = PBXBuildFile; productRef = F69CAA2327897E360035230D /* Alamofire */; };
		F69CAA2727897F730035230D /* SignInViewController.swift in Sources */ = {isa = PBXBuildFile; fileRef = F69CAA2527897F730035230D /* SignInViewController.swift */; };
		F69CAA2827897F730035230D /* SignInViewController.xib in Resources */ = {isa = PBXBuildFile; fileRef = F69CAA2627897F730035230D /* SignInViewController.xib */; };
		F69CAA2B27897F800035230D /* SignUpViewController.swift in Sources */ = {isa = PBXBuildFile; fileRef = F69CAA2927897F800035230D /* SignUpViewController.swift */; };
		F69CAA2C27897F800035230D /* SignUpViewController.xib in Resources */ = {isa = PBXBuildFile; fileRef = F69CAA2A27897F800035230D /* SignUpViewController.xib */; };
		F69CAA2F27897FB90035230D /* WelcomeViewController.swift in Sources */ = {isa = PBXBuildFile; fileRef = F69CAA2D27897FB90035230D /* WelcomeViewController.swift */; };
		F69CAA3027897FB90035230D /* WelcomeViewController.xib in Resources */ = {isa = PBXBuildFile; fileRef = F69CAA2E27897FB90035230D /* WelcomeViewController.xib */; };
		F69CAA32278984780035230D /* SF-Pro-Display-Regular.otf in Resources */ = {isa = PBXBuildFile; fileRef = F69CAA31278984780035230D /* SF-Pro-Display-Regular.otf */; };
/* End PBXBuildFile section */

/* Begin PBXFileReference section */
		F68945A12788455100F22187 /* EunHee.app */ = {isa = PBXFileReference; explicitFileType = wrapper.application; includeInIndex = 0; path = EunHee.app; sourceTree = BUILT_PRODUCTS_DIR; };
		F68945A42788455100F22187 /* AppDelegate.swift */ = {isa = PBXFileReference; lastKnownFileType = sourcecode.swift; path = AppDelegate.swift; sourceTree = "<group>"; };
		F68945A62788455100F22187 /* SceneDelegate.swift */ = {isa = PBXFileReference; lastKnownFileType = sourcecode.swift; path = SceneDelegate.swift; sourceTree = "<group>"; };
		F68945A82788455100F22187 /* BaseViewController.swift */ = {isa = PBXFileReference; lastKnownFileType = sourcecode.swift; path = BaseViewController.swift; sourceTree = "<group>"; };
		F68945AD2788455300F22187 /* Assets.xcassets */ = {isa = PBXFileReference; lastKnownFileType = folder.assetcatalog; path = Assets.xcassets; sourceTree = "<group>"; };
		F68945B02788455300F22187 /* Base */ = {isa = PBXFileReference; lastKnownFileType = file.storyboard; name = Base; path = Base.lproj/LaunchScreen.storyboard; sourceTree = "<group>"; };
		F68945B22788455300F22187 /* Info.plist */ = {isa = PBXFileReference; lastKnownFileType = text.plist.xml; path = Info.plist; sourceTree = "<group>"; };
		F69CAA2527897F730035230D /* SignInViewController.swift */ = {isa = PBXFileReference; lastKnownFileType = sourcecode.swift; path = SignInViewController.swift; sourceTree = "<group>"; };
		F69CAA2627897F730035230D /* SignInViewController.xib */ = {isa = PBXFileReference; lastKnownFileType = file.xib; path = SignInViewController.xib; sourceTree = "<group>"; };
		F69CAA2927897F800035230D /* SignUpViewController.swift */ = {isa = PBXFileReference; lastKnownFileType = sourcecode.swift; path = SignUpViewController.swift; sourceTree = "<group>"; };
		F69CAA2A27897F800035230D /* SignUpViewController.xib */ = {isa = PBXFileReference; lastKnownFileType = file.xib; path = SignUpViewController.xib; sourceTree = "<group>"; };
		F69CAA2D27897FB90035230D /* WelcomeViewController.swift */ = {isa = PBXFileReference; lastKnownFileType = sourcecode.swift; path = WelcomeViewController.swift; sourceTree = "<group>"; };
		F69CAA2E27897FB90035230D /* WelcomeViewController.xib */ = {isa = PBXFileReference; lastKnownFileType = file.xib; path = WelcomeViewController.xib; sourceTree = "<group>"; };
		F69CAA31278984780035230D /* SF-Pro-Display-Regular.otf */ = {isa = PBXFileReference; lastKnownFileType = file; path = "SF-Pro-Display-Regular.otf"; sourceTree = "<group>"; };
/* End PBXFileReference section */

/* Begin PBXFrameworksBuildPhase section */
		F689459E2788455100F22187 /* Frameworks */ = {
			isa = PBXFrameworksBuildPhase;
			buildActionMask = 2147483647;
			files = (
				F68945BA278845A000F22187 /* EasyKit in Frameworks */,
				F69CAA2427897E360035230D /* Alamofire in Frameworks */,
			);
			runOnlyForDeploymentPostprocessing = 0;
		};
/* End PBXFrameworksBuildPhase section */

/* Begin PBXGroup section */
		F68945982788455100F22187 = {
			isa = PBXGroup;
			children = (
				F68945A32788455100F22187 /* EunHee */,
				F68945A22788455100F22187 /* Products */,
			);
			sourceTree = "<group>";
		};
		F68945A22788455100F22187 /* Products */ = {
			isa = PBXGroup;
			children = (
				F68945A12788455100F22187 /* EunHee.app */,
			);
			name = Products;
			sourceTree = "<group>";
		};
		F68945A32788455100F22187 /* EunHee */ = {
			isa = PBXGroup;
			children = (
				F68945BB2788462000F22187 /* Application */,
				F68945BC2788464B00F22187 /* Presentation */,
				F68945BE2788467E00F22187 /* Resource */,
				F68945C0278846A900F22187 /* Supports */,
			);
			path = EunHee;
			sourceTree = "<group>";
		};
		F68945BB2788462000F22187 /* Application */ = {
			isa = PBXGroup;
			children = (
				F68945A42788455100F22187 /* AppDelegate.swift */,
				F68945A62788455100F22187 /* SceneDelegate.swift */,
			);
			path = Application;
			sourceTree = "<group>";
		};
		F68945BC2788464B00F22187 /* Presentation */ = {
			isa = PBXGroup;
			children = (
				F68945BD2788465D00F22187 /* Common */,
			);
			path = Presentation;
			sourceTree = "<group>";
		};
		F68945BD2788465D00F22187 /* Common */ = {
			isa = PBXGroup;
			children = (
				F68945A82788455100F22187 /* BaseViewController.swift */,
				F69CAA2527897F730035230D /* SignInViewController.swift */,
				F69CAA2927897F800035230D /* SignUpViewController.swift */,
				F69CAA2D27897FB90035230D /* WelcomeViewController.swift */,
			);
			path = Common;
			sourceTree = "<group>";
		};
		F68945BE2788467E00F22187 /* Resource */ = {
			isa = PBXGroup;
			children = (
				F68945AF2788455300F22187 /* LaunchScreen.storyboard */,
				F69CAA2627897F730035230D /* SignInViewController.xib */,
				F69CAA2A27897F800035230D /* SignUpViewController.xib */,
				F69CAA2E27897FB90035230D /* WelcomeViewController.xib */,
				F68945BF2788469A00F22187 /* Assets.xcassets */,
			);
			path = Resource;
			sourceTree = "<group>";
		};
		F68945BF2788469A00F22187 /* Assets.xcassets */ = {
			isa = PBXGroup;
			children = (
				F68945AD2788455300F22187 /* Assets.xcassets */,
				F69CAA31278984780035230D /* SF-Pro-Display-Regular.otf */,
			);
			path = Assets.xcassets;
			sourceTree = "<group>";
		};
		F68945C0278846A900F22187 /* Supports */ = {
			isa = PBXGroup;
			children = (
				F68945B22788455300F22187 /* Info.plist */,
			);
			path = Supports;
			sourceTree = "<group>";
		};
/* End PBXGroup section */

/* Begin PBXNativeTarget section */
		F68945A02788455100F22187 /* EunHee */ = {
			isa = PBXNativeTarget;
			buildConfigurationList = F68945B52788455300F22187 /* Build configuration list for PBXNativeTarget "EunHee" */;
			buildPhases = (
				F689459D2788455100F22187 /* Sources */,
				F689459E2788455100F22187 /* Frameworks */,
				F689459F2788455100F22187 /* Resources */,
			);
			buildRules = (
			);
			dependencies = (
			);
			name = EunHee;
			packageProductDependencies = (
				F68945B9278845A000F22187 /* EasyKit */,
				F69CAA2327897E360035230D /* Alamofire */,
			);
			productName = EunHee;
			productReference = F68945A12788455100F22187 /* EunHee.app */;
			productType = "com.apple.product-type.application";
		};
/* End PBXNativeTarget section */

/* Begin PBXProject section */
		F68945992788455100F22187 /* Project object */ = {
			isa = PBXProject;
			attributes = {
				BuildIndependentTargetsInParallel = 1;
				LastSwiftUpdateCheck = 1320;
				LastUpgradeCheck = 1320;
				TargetAttributes = {
					F68945A02788455100F22187 = {
						CreatedOnToolsVersion = 13.2.1;
					};
				};
			};
			buildConfigurationList = F689459C2788455100F22187 /* Build configuration list for PBXProject "EunHee" */;
			compatibilityVersion = "Xcode 13.0";
			developmentRegion = en;
			hasScannedForEncodings = 0;
			knownRegions = (
				en,
				Base,
			);
			mainGroup = F68945982788455100F22187;
			packageReferences = (
				F68945B8278845A000F22187 /* XCRemoteSwiftPackageReference "EasyKit" */,
				F69CAA2227897E360035230D /* XCRemoteSwiftPackageReference "Alamofire" */,
			);
			productRefGroup = F68945A22788455100F22187 /* Products */;
			projectDirPath = "";
			projectRoot = "";
			targets = (
				F68945A02788455100F22187 /* EunHee */,
			);
		};
/* End PBXProject section */

/* Begin PBXResourcesBuildPhase section */
		F689459F2788455100F22187 /* Resources */ = {
			isa = PBXResourcesBuildPhase;
			buildActionMask = 2147483647;
			files = (
				F69CAA3027897FB90035230D /* WelcomeViewController.xib in Resources */,
				F68945B12788455300F22187 /* LaunchScreen.storyboard in Resources */,
				F69CAA2827897F730035230D /* SignInViewController.xib in Resources */,
				F69CAA2C27897F800035230D /* SignUpViewController.xib in Resources */,
				F69CAA32278984780035230D /* SF-Pro-Display-Regular.otf in Resources */,
				F68945AE2788455300F22187 /* Assets.xcassets in Resources */,
			);
			runOnlyForDeploymentPostprocessing = 0;
		};
/* End PBXResourcesBuildPhase section */

/* Begin PBXSourcesBuildPhase section */
		F689459D2788455100F22187 /* Sources */ = {
			isa = PBXSourcesBuildPhase;
			buildActionMask = 2147483647;
			files = (
				F69CAA2727897F730035230D /* SignInViewController.swift in Sources */,
				F68945A92788455100F22187 /* BaseViewController.swift in Sources */,
				F68945A52788455100F22187 /* AppDelegate.swift in Sources */,
				F69CAA2F27897FB90035230D /* WelcomeViewController.swift in Sources */,
				F68945A72788455100F22187 /* SceneDelegate.swift in Sources */,
				F69CAA2B27897F800035230D /* SignUpViewController.swift in Sources */,
			);
			runOnlyForDeploymentPostprocessing = 0;
		};
/* End PBXSourcesBuildPhase section */

/* Begin PBXVariantGroup section */
		F68945AF2788455300F22187 /* LaunchScreen.storyboard */ = {
			isa = PBXVariantGroup;
			children = (
				F68945B02788455300F22187 /* Base */,
			);
			name = LaunchScreen.storyboard;
			sourceTree = "<group>";
		};
/* End PBXVariantGroup section */

/* Begin XCBuildConfiguration section */
		F68945B32788455300F22187 /* Debug */ = {
			isa = XCBuildConfiguration;
			buildSettings = {
				ALWAYS_SEARCH_USER_PATHS = NO;
				CLANG_ANALYZER_NONNULL = YES;
				CLANG_ANALYZER_NUMBER_OBJECT_CONVERSION = YES_AGGRESSIVE;
				CLANG_CXX_LANGUAGE_STANDARD = "gnu++17";
				CLANG_CXX_LIBRARY = "libc++";
				CLANG_ENABLE_MODULES = YES;
				CLANG_ENABLE_OBJC_ARC = YES;
				CLANG_ENABLE_OBJC_WEAK = YES;
				CLANG_WARN_BLOCK_CAPTURE_AUTORELEASING = YES;
				CLANG_WARN_BOOL_CONVERSION = YES;
				CLANG_WARN_COMMA = YES;
				CLANG_WARN_CONSTANT_CONVERSION = YES;
				CLANG_WARN_DEPRECATED_OBJC_IMPLEMENTATIONS = YES;
				CLANG_WARN_DIRECT_OBJC_ISA_USAGE = YES_ERROR;
				CLANG_WARN_DOCUMENTATION_COMMENTS = YES;
				CLANG_WARN_EMPTY_BODY = YES;
				CLANG_WARN_ENUM_CONVERSION = YES;
				CLANG_WARN_INFINITE_RECURSION = YES;
				CLANG_WARN_INT_CONVERSION = YES;
				CLANG_WARN_NON_LITERAL_NULL_CONVERSION = YES;
				CLANG_WARN_OBJC_IMPLICIT_RETAIN_SELF = YES;
				CLANG_WARN_OBJC_LITERAL_CONVERSION = YES;
				CLANG_WARN_OBJC_ROOT_CLASS = YES_ERROR;
				CLANG_WARN_QUOTED_INCLUDE_IN_FRAMEWORK_HEADER = YES;
				CLANG_WARN_RANGE_LOOP_ANALYSIS = YES;
				CLANG_WARN_STRICT_PROTOTYPES = YES;
				CLANG_WARN_SUSPICIOUS_MOVE = YES;
				CLANG_WARN_UNGUARDED_AVAILABILITY = YES_AGGRESSIVE;
				CLANG_WARN_UNREACHABLE_CODE = YES;
				CLANG_WARN__DUPLICATE_METHOD_MATCH = YES;
				COPY_PHASE_STRIP = NO;
				DEBUG_INFORMATION_FORMAT = dwarf;
				ENABLE_STRICT_OBJC_MSGSEND = YES;
				ENABLE_TESTABILITY = YES;
				GCC_C_LANGUAGE_STANDARD = gnu11;
				GCC_DYNAMIC_NO_PIC = NO;
				GCC_NO_COMMON_BLOCKS = YES;
				GCC_OPTIMIZATION_LEVEL = 0;
				GCC_PREPROCESSOR_DEFINITIONS = (
					"DEBUG=1",
					"$(inherited)",
				);
				GCC_WARN_64_TO_32_BIT_CONVERSION = YES;
				GCC_WARN_ABOUT_RETURN_TYPE = YES_ERROR;
				GCC_WARN_UNDECLARED_SELECTOR = YES;
				GCC_WARN_UNINITIALIZED_AUTOS = YES_AGGRESSIVE;
				GCC_WARN_UNUSED_FUNCTION = YES;
				GCC_WARN_UNUSED_VARIABLE = YES;
				IPHONEOS_DEPLOYMENT_TARGET = 15.2;
				MTL_ENABLE_DEBUG_INFO = INCLUDE_SOURCE;
				MTL_FAST_MATH = YES;
				ONLY_ACTIVE_ARCH = YES;
				SDKROOT = iphoneos;
				SWIFT_ACTIVE_COMPILATION_CONDITIONS = DEBUG;
				SWIFT_OPTIMIZATION_LEVEL = "-Onone";
			};
			name = Debug;
		};
		F68945B42788455300F22187 /* Release */ = {
			isa = XCBuildConfiguration;
			buildSettings = {
				ALWAYS_SEARCH_USER_PATHS = NO;
				CLANG_ANALYZER_NONNULL = YES;
				CLANG_ANALYZER_NUMBER_OBJECT_CONVERSION = YES_AGGRESSIVE;
				CLANG_CXX_LANGUAGE_STANDARD = "gnu++17";
				CLANG_CXX_LIBRARY = "libc++";
				CLANG_ENABLE_MODULES = YES;
				CLANG_ENABLE_OBJC_ARC = YES;
				CLANG_ENABLE_OBJC_WEAK = YES;
				CLANG_WARN_BLOCK_CAPTURE_AUTORELEASING = YES;
				CLANG_WARN_BOOL_CONVERSION = YES;
				CLANG_WARN_COMMA = YES;
				CLANG_WARN_CONSTANT_CONVERSION = YES;
				CLANG_WARN_DEPRECATED_OBJC_IMPLEMENTATIONS = YES;
				CLANG_WARN_DIRECT_OBJC_ISA_USAGE = YES_ERROR;
				CLANG_WARN_DOCUMENTATION_COMMENTS = YES;
				CLANG_WARN_EMPTY_BODY = YES;
				CLANG_WARN_ENUM_CONVERSION = YES;
				CLANG_WARN_INFINITE_RECURSION = YES;
				CLANG_WARN_INT_CONVERSION = YES;
				CLANG_WARN_NON_LITERAL_NULL_CONVERSION = YES;
				CLANG_WARN_OBJC_IMPLICIT_RETAIN_SELF = YES;
				CLANG_WARN_OBJC_LITERAL_CONVERSION = YES;
				CLANG_WARN_OBJC_ROOT_CLASS = YES_ERROR;
				CLANG_WARN_QUOTED_INCLUDE_IN_FRAMEWORK_HEADER = YES;
				CLANG_WARN_RANGE_LOOP_ANALYSIS = YES;
				CLANG_WARN_STRICT_PROTOTYPES = YES;
				CLANG_WARN_SUSPICIOUS_MOVE = YES;
				CLANG_WARN_UNGUARDED_AVAILABILITY = YES_AGGRESSIVE;
				CLANG_WARN_UNREACHABLE_CODE = YES;
				CLANG_WARN__DUPLICATE_METHOD_MATCH = YES;
				COPY_PHASE_STRIP = NO;
				DEBUG_INFORMATION_FORMAT = "dwarf-with-dsym";
				ENABLE_NS_ASSERTIONS = NO;
				ENABLE_STRICT_OBJC_MSGSEND = YES;
				GCC_C_LANGUAGE_STANDARD = gnu11;
				GCC_NO_COMMON_BLOCKS = YES;
				GCC_WARN_64_TO_32_BIT_CONVERSION = YES;
				GCC_WARN_ABOUT_RETURN_TYPE = YES_ERROR;
				GCC_WARN_UNDECLARED_SELECTOR = YES;
				GCC_WARN_UNINITIALIZED_AUTOS = YES_AGGRESSIVE;
				GCC_WARN_UNUSED_FUNCTION = YES;
				GCC_WARN_UNUSED_VARIABLE = YES;
				IPHONEOS_DEPLOYMENT_TARGET = 15.2;
				MTL_ENABLE_DEBUG_INFO = NO;
				MTL_FAST_MATH = YES;
				SDKROOT = iphoneos;
				SWIFT_COMPILATION_MODE = wholemodule;
				SWIFT_OPTIMIZATION_LEVEL = "-O";
				VALIDATE_PRODUCT = YES;
			};
			name = Release;
		};
		F68945B62788455300F22187 /* Debug */ = {
			isa = XCBuildConfiguration;
			buildSettings = {
				ASSETCATALOG_COMPILER_APPICON_NAME = AppIcon;
				ASSETCATALOG_COMPILER_GLOBAL_ACCENT_COLOR_NAME = AccentColor;
				CODE_SIGN_STYLE = Automatic;
				CURRENT_PROJECT_VERSION = 1;
				DEVELOPMENT_TEAM = RS46GZF8TU;
				GENERATE_INFOPLIST_FILE = YES;
				INFOPLIST_FILE = EunHee/Supports/Info.plist;
				INFOPLIST_KEY_UIApplicationSupportsIndirectInputEvents = YES;
				INFOPLIST_KEY_UILaunchStoryboardName = LaunchScreen;
				INFOPLIST_KEY_UIMainStoryboardFile = Main;
				INFOPLIST_KEY_UISupportedInterfaceOrientations_iPad = "UIInterfaceOrientationPortrait UIInterfaceOrientationPortraitUpsideDown UIInterfaceOrientationLandscapeLeft UIInterfaceOrientationLandscapeRight";
				INFOPLIST_KEY_UISupportedInterfaceOrientations_iPhone = "UIInterfaceOrientationPortrait UIInterfaceOrientationLandscapeLeft UIInterfaceOrientationLandscapeRight";
				LD_RUNPATH_SEARCH_PATHS = (
					"$(inherited)",
					"@executable_path/Frameworks",
				);
				MARKETING_VERSION = 1.0;
				PRODUCT_BUNDLE_IDENTIFIER = "--------.EunHee";
				PRODUCT_NAME = "$(TARGET_NAME)";
				SWIFT_EMIT_LOC_STRINGS = YES;
				SWIFT_VERSION = 5.0;
				TARGETED_DEVICE_FAMILY = "1,2";
			};
			name = Debug;
		};
		F68945B72788455300F22187 /* Release */ = {
			isa = XCBuildConfiguration;
			buildSettings = {
				ASSETCATALOG_COMPILER_APPICON_NAME = AppIcon;
				ASSETCATALOG_COMPILER_GLOBAL_ACCENT_COLOR_NAME = AccentColor;
				CODE_SIGN_STYLE = Automatic;
				CURRENT_PROJECT_VERSION = 1;
				DEVELOPMENT_TEAM = RS46GZF8TU;
				GENERATE_INFOPLIST_FILE = YES;
				INFOPLIST_FILE = EunHee/Supports/Info.plist;
				INFOPLIST_KEY_UIApplicationSupportsIndirectInputEvents = YES;
				INFOPLIST_KEY_UILaunchStoryboardName = LaunchScreen;
				INFOPLIST_KEY_UIMainStoryboardFile = Main;
				INFOPLIST_KEY_UISupportedInterfaceOrientations_iPad = "UIInterfaceOrientationPortrait UIInterfaceOrientationPortraitUpsideDown UIInterfaceOrientationLandscapeLeft UIInterfaceOrientationLandscapeRight";
				INFOPLIST_KEY_UISupportedInterfaceOrientations_iPhone = "UIInterfaceOrientationPortrait UIInterfaceOrientationLandscapeLeft UIInterfaceOrientationLandscapeRight";
				LD_RUNPATH_SEARCH_PATHS = (
					"$(inherited)",
					"@executable_path/Frameworks",
				);
				MARKETING_VERSION = 1.0;
				PRODUCT_BUNDLE_IDENTIFIER = "--------.EunHee";
				PRODUCT_NAME = "$(TARGET_NAME)";
				SWIFT_EMIT_LOC_STRINGS = YES;
				SWIFT_VERSION = 5.0;
				TARGETED_DEVICE_FAMILY = "1,2";
			};
			name = Release;
		};
/* End XCBuildConfiguration section */

/* Begin XCConfigurationList section */
		F689459C2788455100F22187 /* Build configuration list for PBXProject "EunHee" */ = {
			isa = XCConfigurationList;
			buildConfigurations = (
				F68945B32788455300F22187 /* Debug */,
				F68945B42788455300F22187 /* Release */,
			);
			defaultConfigurationIsVisible = 0;
			defaultConfigurationName = Release;
		};
		F68945B52788455300F22187 /* Build configuration list for PBXNativeTarget "EunHee" */ = {
			isa = XCConfigurationList;
			buildConfigurations = (
				F68945B62788455300F22187 /* Debug */,
				F68945B72788455300F22187 /* Release */,
			);
			defaultConfigurationIsVisible = 0;
			defaultConfigurationName = Release;
		};
/* End XCConfigurationList section */

/* Begin XCRemoteSwiftPackageReference section */
		F68945B8278845A000F22187 /* XCRemoteSwiftPackageReference "EasyKit" */ = {
			isa = XCRemoteSwiftPackageReference;
			repositoryURL = "https://github.com/Taehyeon-Kim/EasyKit.git";
			requirement = {
				branch = master;
				kind = branch;
			};
		};
		F69CAA2227897E360035230D /* XCRemoteSwiftPackageReference "Alamofire" */ = {
			isa = XCRemoteSwiftPackageReference;
			repositoryURL = "https://github.com/Alamofire/Alamofire.git";
			requirement = {
				kind = upToNextMajorVersion;
				minimumVersion = 5.0.0;
			};
		};
/* End XCRemoteSwiftPackageReference section */

/* Begin XCSwiftPackageProductDependency section */
		F68945B9278845A000F22187 /* EasyKit */ = {
			isa = XCSwiftPackageProductDependency;
			package = F68945B8278845A000F22187 /* XCRemoteSwiftPackageReference "EasyKit" */;
			productName = EasyKit;
		};
		F69CAA2327897E360035230D /* Alamofire */ = {
			isa = XCSwiftPackageProductDependency;
			package = F69CAA2227897E360035230D /* XCRemoteSwiftPackageReference "Alamofire" */;
			productName = Alamofire;
		};
/* End XCSwiftPackageProductDependency section */
	};
	rootObject = F68945992788455100F22187 /* Project object */;
}
